{
    "_meta": {
        "hash": {
            "sha256": "b2546447d6b382d9ed34b9f095e21eca3b133fb4da990b3f8d96ad3d0f10fa36"
        },
        "pipfile-spec": 6,
        "requires": {
            "python_version": "3.6"
        },
        "sources": [
            {
                "name": "pypi",
                "url": "https://pypi.org/simple",
                "verify_ssl": true
            }
        ]
    },
    "default": {
        "autopep8": {
            "hashes": [
                "sha256:4d8eec30cc81bc5617dbf1218201d770dc35629363547f17577c61683ccfb3ee"
            ],
            "index": "pypi",
            "version": "==1.4.4"
        },
        "bcrypt": {
            "hashes": [
                "sha256:5b93c1726e50a93a033c36e5ca7fdcd29a5c7395af50a6892f5d9e7c6cfbfb29",
                "sha256:63d4e3ff96188e5898779b6057878fecf3f11cfe6ec3b313ea09955d587ec7a7",
                "sha256:81fec756feff5b6818ea7ab031205e1d323d8943d237303baca2c5f9c7846f34",
                "sha256:a67fb841b35c28a59cebed05fbd3e80eea26e6d75851f0574a9273c80f3e9b55",
                "sha256:c95d4cbebffafcdd28bd28bb4e25b31c50f6da605c81ffd9ad8a3d1b2ab7b1b6",
                "sha256:cd1ea2ff3038509ea95f687256c46b79f5fc382ad0aa3664d200047546d511d1",
                "sha256:cdcdcb3972027f83fe24a48b1e90ea4b584d35f1cc279d76de6fc4b13376239d"
            ],
            "version": "==3.2.0"
        },
        "beaker": {
            "hashes": [
                "sha256:ad5d1c05027ee3be3a482ea39f8cb70339b41e5d6ace0cb861382754076d187e"
            ],
            "index": "pypi",
            "version": "==1.11.0"
        },
        "bottle": {
            "hashes": [
                "sha256:a9d73ffcbc6a1345ca2d7949638db46349f5b2b77dac65d6494d45c23628da2c",
                "sha256:f6b8a34fe9aa406f9813c02990db72ca69ce6a158b5b156d2c41f345016a723d"
            ],
            "index": "pypi",
            "version": "==0.12.19"
        },
        "cached-property": {
            "hashes": [
                "sha256:9fa5755838eecbb2d234c3aa390bd80fbd3ac6b6869109bfc1b499f7bd89a130",
                "sha256:df4f613cf7ad9a588cc381aaf4a512d26265ecebd5eb9e1ba12f1319eb85a6a0"
            ],
            "version": "==1.5.2"
        },
        "certifi": {
            "hashes": [
                "sha256:1a4995114262bffbc2413b159f2a1a480c969de6e6eb13ee966d470af86af59c",
                "sha256:719a74fb9e33b9bd44cc7f3a8d94bc35e4049deebe19ba7d8e108280cfd59830"
            ],
            "version": "==2020.12.5"
        },
        "cffi": {
            "hashes": [
                "sha256:005a36f41773e148deac64b08f233873a4d0c18b053d37da83f6af4d9087b813",
                "sha256:0857f0ae312d855239a55c81ef453ee8fd24136eaba8e87a2eceba644c0d4c06",
                "sha256:1071534bbbf8cbb31b498d5d9db0f274f2f7a865adca4ae429e147ba40f73dea",
                "sha256:158d0d15119b4b7ff6b926536763dc0714313aa59e320ddf787502c70c4d4bee",
                "sha256:1f436816fc868b098b0d63b8920de7d208c90a67212546d02f84fe78a9c26396",
                "sha256:2894f2df484ff56d717bead0a5c2abb6b9d2bf26d6960c4604d5c48bbc30ee73",
                "sha256:29314480e958fd8aab22e4a58b355b629c59bf5f2ac2492b61e3dc06d8c7a315",
                "sha256:34eff4b97f3d982fb93e2831e6750127d1355a923ebaeeb565407b3d2f8d41a1",
                "sha256:35f27e6eb43380fa080dccf676dece30bef72e4a67617ffda586641cd4508d49",
                "sha256:3d3dd4c9e559eb172ecf00a2a7517e97d1e96de2a5e610bd9b68cea3925b4892",
                "sha256:43e0b9d9e2c9e5d152946b9c5fe062c151614b262fda2e7b201204de0b99e482",
                "sha256:48e1c69bbacfc3d932221851b39d49e81567a4d4aac3b21258d9c24578280058",
                "sha256:51182f8927c5af975fece87b1b369f722c570fe169f9880764b1ee3bca8347b5",
                "sha256:58e3f59d583d413809d60779492342801d6e82fefb89c86a38e040c16883be53",
                "sha256:5de7970188bb46b7bf9858eb6890aad302577a5f6f75091fd7cdd3ef13ef3045",
                "sha256:65fa59693c62cf06e45ddbb822165394a288edce9e276647f0046e1ec26920f3",
                "sha256:69e395c24fc60aad6bb4fa7e583698ea6cc684648e1ffb7fe85e3c1ca131a7d5",
                "sha256:6c97d7350133666fbb5cf4abdc1178c812cb205dc6f41d174a7b0f18fb93337e",
                "sha256:6e4714cc64f474e4d6e37cfff31a814b509a35cb17de4fb1999907575684479c",
                "sha256:72d8d3ef52c208ee1c7b2e341f7d71c6fd3157138abf1a95166e6165dd5d4369",
                "sha256:8ae6299f6c68de06f136f1f9e69458eae58f1dacf10af5c17353eae03aa0d827",
                "sha256:8b198cec6c72df5289c05b05b8b0969819783f9418e0409865dac47288d2a053",
                "sha256:99cd03ae7988a93dd00bcd9d0b75e1f6c426063d6f03d2f90b89e29b25b82dfa",
                "sha256:9cf8022fb8d07a97c178b02327b284521c7708d7c71a9c9c355c178ac4bbd3d4",
                "sha256:9de2e279153a443c656f2defd67769e6d1e4163952b3c622dcea5b08a6405322",
                "sha256:9e93e79c2551ff263400e1e4be085a1210e12073a31c2011dbbda14bda0c6132",
                "sha256:9ff227395193126d82e60319a673a037d5de84633f11279e336f9c0f189ecc62",
                "sha256:a465da611f6fa124963b91bf432d960a555563efe4ed1cc403ba5077b15370aa",
                "sha256:ad17025d226ee5beec591b52800c11680fca3df50b8b29fe51d882576e039ee0",
                "sha256:afb29c1ba2e5a3736f1c301d9d0abe3ec8b86957d04ddfa9d7a6a42b9367e396",
                "sha256:b85eb46a81787c50650f2392b9b4ef23e1f126313b9e0e9013b35c15e4288e2e",
                "sha256:bb89f306e5da99f4d922728ddcd6f7fcebb3241fc40edebcb7284d7514741991",
                "sha256:cbde590d4faaa07c72bf979734738f328d239913ba3e043b1e98fe9a39f8b2b6",
                "sha256:cd2868886d547469123fadc46eac7ea5253ea7fcb139f12e1dfc2bbd406427d1",
                "sha256:d42b11d692e11b6634f7613ad8df5d6d5f8875f5d48939520d351007b3c13406",
                "sha256:f2d45f97ab6bb54753eab54fffe75aaf3de4ff2341c9daee1987ee1837636f1d",
                "sha256:fd78e5fee591709f32ef6edb9a015b4aa1a5022598e36227500c8f4e02328d9c"
            ],
            "version": "==1.14.5"
        },
        "chardet": {
            "hashes": [
                "sha256:84ab92ed1c4d4f16916e05906b6b75a6c0fb5db821cc65e70cbd64a3e2a5eaae",
                "sha256:fc323ffcaeaed0e0a02bf4d117757b98aed530d9ed4531e3e15460124c106691"
            ],
            "version": "==3.0.4"
        },
        "cryptography": {
            "hashes": [
                "sha256:0f1212a66329c80d68aeeb39b8a16d54ef57071bf22ff4e521657b27372e327d",
                "sha256:1e056c28420c072c5e3cb36e2b23ee55e260cb04eee08f702e0edfec3fb51959",
                "sha256:240f5c21aef0b73f40bb9f78d2caff73186700bf1bc6b94285699aff98cc16c6",
                "sha256:26965837447f9c82f1855e0bc8bc4fb910240b6e0d16a664bb722df3b5b06873",
                "sha256:37340614f8a5d2fb9aeea67fd159bfe4f5f4ed535b1090ce8ec428b2f15a11f2",
                "sha256:3d10de8116d25649631977cb37da6cbdd2d6fa0e0281d014a5b7d337255ca713",
                "sha256:3d8427734c781ea5f1b41d6589c293089704d4759e34597dce91014ac125aad1",
                "sha256:7ec5d3b029f5fa2b179325908b9cd93db28ab7b85bb6c1db56b10e0b54235177",
                "sha256:8e56e16617872b0957d1c9742a3f94b43533447fd78321514abbe7db216aa250",
                "sha256:de4e5f7f68220d92b7637fc99847475b59154b7a1b3868fb7385337af54ac9ca",
                "sha256:eb8cc2afe8b05acbd84a43905832ec78e7b3873fb124ca190f574dca7389a87d",
                "sha256:ee77aa129f481be46f8d92a1a7db57269a2f23052d5f2433b4621bb457081cc9"
            ],
            "version": "==3.4.7"
        },
        "docker": {
            "extras": [
                "ssh"
            ],
            "hashes": [
                "sha256:2434b396e616a5ef682fbf80e04839a59e8b81880ece5662c33dff34b8863519",
                "sha256:a062a9f82dff025f79c2097c46f49f143f8898274db7e66041f78cafee66b962"
            ],
            "version": "==3.7.3"
        },
        "docker-compose": {
            "hashes": [
                "sha256:59babecccf76c3c9d796f69b463f3ad5410d03d69e074b299bf3bf4b222aaf5c",
                "sha256:a5d58e974fd717e24b0dda6669a46bc03548d9023ef38d965acdc32d4d5fa753"
            ],
            "index": "pypi",
            "version": "==1.24.1"
        },
        "docker-pycreds": {
            "hashes": [
                "sha256:6ce3270bcaf404cc4c3e27e4b6c70d3521deae82fb508767870fdbf772d584d4",
                "sha256:7266112468627868005106ec19cd0d722702d2b7d5912a28e19b826c3d37af49"
            ],
            "version": "==0.4.0"
        },
        "dockerpty": {
            "hashes": [
                "sha256:69a9d69d573a0daa31bcd1c0774eeed5c15c295fe719c61aca550ed1393156ce"
            ],
            "version": "==0.4.1"
        },
        "docopt": {
            "hashes": [
                "sha256:49b3a825280bd66b3aa83585ef59c4a8c82f2c8a522dbe754a8bc8d08c85c491"
            ],
            "version": "==0.6.2"
        },
        "entrypoints": {
            "hashes": [
                "sha256:589f874b313739ad35be6e0cd7efde2a4e9b6fea91edcc34e58ecbb8dbe56d19",
                "sha256:c70dd71abe5a8c85e55e12c19bd91ccfeec11a6e99044204511f9ed547d48451"
            ],
            "version": "==0.3"
        },
        "flake8": {
            "hashes": [
                "sha256:19241c1cbc971b9962473e4438a2ca19749a7dd002dd1a946eaba171b4114548",
                "sha256:8e9dfa3cecb2400b3738a42c54c3043e821682b9c840b0448c0503f781130696"
            ],
            "index": "pypi",
            "version": "==3.7.8"
        },
        "idna": {
            "hashes": [
                "sha256:156a6814fb5ac1fc6850fb002e0852d56c0c8d2531923a51032d1b70760e186e",
                "sha256:684a38a6f903c1d71d6d5fac066b58d7768af4de2b832e426ec79c30daa94a16"
            ],
            "version": "==2.7"
        },
        "jsonschema": {
            "hashes": [
                "sha256:000e68abd33c972a5248544925a0cae7d1125f9bf6c58280d37546b946769a08",
                "sha256:6ff5f3180870836cae40f06fa10419f557208175f13ad7bc26caa77beb1f6e02"
            ],
            "version": "==2.6.0"
        },
        "mccabe": {
            "hashes": [
                "sha256:ab8a6258860da4b6677da4bd2fe5dc2c659cff31b3ee4f7f5d64e79735b80d42",
                "sha256:dd8d182285a0fe56bace7f45b5e7d1a6ebcbf524e8f3bd87eb0f125271b8831f"
            ],
            "version": "==0.6.1"
        },
        "mysql-connector-python": {
            "hashes": [
                "sha256:033a8ab1d772ce77ce6cbbaca5bff400bfb65a2a3542b701061c981222a0fefd",
                "sha256:0fc51c4360286646244e97f30826ebc0ff362846d1226d35e99ec94b10543fac",
                "sha256:268366d8b807f1216bac3d467fa0e51798880da6a3965fdead3476f2b04dd8bb",
                "sha256:332654635beeb71d823fe461b8f3062f1b8621ffe839c83175f16bcca0627909",
                "sha256:427ca66e5a502f8c86b5525009d2f18ef0da2ab12f7fccd8edb4183e513e8491",
                "sha256:42bc551cf7d32e4aff358fe5162efb268ddc3da2e6ce37f5b71e6321e731b432",
                "sha256:4357ffddb4b26065327e0a0c003659ce3a106e4a91e0f03698a2262431768f72",
                "sha256:556995294a47ed38849e1d1730943a9d93a80ca450cc7c03a372816cae7c1f11",
                "sha256:586906f5a5ae807501f6fa83a7fab8e9c81392a657e6df94b0c192534644dfde",
                "sha256:5dbf052f34e1be01453d9591aaa69d15961de7ef80d22c188dcff8d0e6f198fe",
                "sha256:5eb70297b829c2e7d5ff4f511164895a5acb827f90c0610e36678a763abbd393",
                "sha256:5f0537726ae30025c910533182ebe8656186349cf7d801e01483b2fcde9537ba",
                "sha256:663d714ae09e2001e602960e48f2e918dda53398b1d2641780105321f494fcd3",
                "sha256:77bc6dbcf5eae803845e82a639eb2d5e5ed0ba59f8d66d1901e26df1ce2088f0",
                "sha256:846d3062de596fccb3ab0928131f9a49747b5a4eb8d02433df22c2bd2abcca7a",
                "sha256:8920d2cbc17a4003f99f8db71c3cc7ca4058a6585d56a72b98f9e0826772e682",
                "sha256:8a27d519a57e89d5423eb2b6ca0d839d7d16e576a43d67b497d11ca2962355eb",
                "sha256:8f1f68ee29b7e9b1b8c88b65dcfdfdc450574106ac05668db325b85a322e3875",
                "sha256:9ba54e85cd9a3f2ac2c778b4082d6f427c54c883f54051a5fb235138cb6f091d",
                "sha256:a956b77c9c73bff6e17f068fbd8d03c3631a2ef974703f784f8dbfa348c983ec",
                "sha256:ac4474bf836be6696e4930884725b9de33df4d246fb433255126fb007cb8a59e",
                "sha256:acbaf0c87b1398d238f0fe77af18feefc8b6c3569e7fe96307bca3ed3f0eb240",
                "sha256:c3d2dbd81e78d8d2cd1504483daf930219e623b3b9f269a2c2b3bad79a031fa5"
            ],
            "index": "pypi",
            "version": "==8.0.18"
        },
        "numpy": {
            "hashes": [
                "sha256:012426a41bc9ab63bb158635aecccc7610e3eff5d31d1eb43bc099debc979d94",
                "sha256:06fab248a088e439402141ea04f0fffb203723148f6ee791e9c75b3e9e82f080",
                "sha256:0eef32ca3132a48e43f6a0f5a82cb508f22ce5a3d6f67a8329c81c8e226d3f6e",
                "sha256:1ded4fce9cfaaf24e7a0ab51b7a87be9038ea1ace7f34b841fe3b6894c721d1c",
                "sha256:2e55195bc1c6b705bfd8ad6f288b38b11b1af32f3c8289d6c50d47f950c12e76",
                "sha256:2ea52bd92ab9f768cc64a4c3ef8f4b2580a17af0a5436f6126b08efbd1838371",
                "sha256:36674959eed6957e61f11c912f71e78857a8d0604171dfd9ce9ad5cbf41c511c",
                "sha256:384ec0463d1c2671170901994aeb6dce126de0a95ccc3976c43b0038a37329c2",
                "sha256:39b70c19ec771805081578cc936bbe95336798b7edf4732ed102e7a43ec5c07a",
                "sha256:400580cbd3cff6ffa6293df2278c75aef2d58d8d93d3c5614cd67981dae68ceb",
                "sha256:43d4c81d5ffdff6bae58d66a3cd7f54a7acd9a0e7b18d97abb255defc09e3140",
                "sha256:50a4a0ad0111cc1b71fa32dedd05fa239f7fb5a43a40663269bb5dc7877cfd28",
                "sha256:603aa0706be710eea8884af807b1b3bc9fb2e49b9f4da439e76000f3b3c6ff0f",
                "sha256:6149a185cece5ee78d1d196938b2a8f9d09f5a5ebfbba66969302a778d5ddd1d",
                "sha256:759e4095edc3c1b3ac031f34d9459fa781777a93ccc633a472a5468587a190ff",
                "sha256:7fb43004bce0ca31d8f13a6eb5e943fa73371381e53f7074ed21a4cb786c32f8",
                "sha256:811daee36a58dc79cf3d8bdd4a490e4277d0e4b7d103a001a4e73ddb48e7e6aa",
                "sha256:8b5e972b43c8fc27d56550b4120fe6257fdc15f9301914380b27f74856299fea",
                "sha256:99abf4f353c3d1a0c7a5f27699482c987cf663b1eac20db59b8c7b061eabd7fc",
                "sha256:a0d53e51a6cb6f0d9082decb7a4cb6dfb33055308c4c44f53103c073f649af73",
                "sha256:a12ff4c8ddfee61f90a1633a4c4afd3f7bcb32b11c52026c92a12e1325922d0d",
                "sha256:a4646724fba402aa7504cd48b4b50e783296b5e10a524c7a6da62e4a8ac9698d",
                "sha256:a76f502430dd98d7546e1ea2250a7360c065a5fdea52b2dffe8ae7180909b6f4",
                "sha256:a9d17f2be3b427fbb2bce61e596cf555d6f8a56c222bd2ca148baeeb5e5c783c",
                "sha256:ab83f24d5c52d60dbc8cd0528759532736b56db58adaa7b5f1f76ad551416a1e",
                "sha256:aeb9ed923be74e659984e321f609b9ba54a48354bfd168d21a2b072ed1e833ea",
                "sha256:c843b3f50d1ab7361ca4f0b3639bf691569493a56808a0b0c54a051d260b7dbd",
                "sha256:cae865b1cae1ec2663d8ea56ef6ff185bad091a5e33ebbadd98de2cfa3fa668f",
                "sha256:cc6bd4fd593cb261332568485e20a0712883cf631f6f5e8e86a52caa8b2b50ff",
                "sha256:cf2402002d3d9f91c8b01e66fbb436a4ed01c6498fffed0e4c7566da1d40ee1e",
                "sha256:d051ec1c64b85ecc69531e1137bb9751c6830772ee5c1c426dbcfe98ef5788d7",
                "sha256:d6631f2e867676b13026e2846180e2c13c1e11289d67da08d71cacb2cd93d4aa",
                "sha256:dbd18bcf4889b720ba13a27ec2f2aac1981bd41203b3a3b27ba7a33f88ae4827",
                "sha256:df609c82f18c5b9f6cb97271f03315ff0dbe481a2a02e56aeb1b1a985ce38e60"
            ],
            "version": "==1.19.5"
        },
        "opencv-contrib-python": {
            "hashes": [
                "sha256:0c190e6abbbe47b9fb4bccdedb3f2e3d6cb97294072f3639f42a7cb9f2694895",
                "sha256:0f844f2977efe5a7e350d5cb89e9d39fd6040e70c00161242b8847ae2a9ecb9f",
                "sha256:10598030408098693ffeba561d5508f406cdb105a788f0a7e0a77b027039037f",
                "sha256:345c3053292f356e9b8a1b857bf4ac927b603b0ad2e026c46d549fdaba7e0943",
                "sha256:3a2af59e65182192897c59b789003088647a8f45f5e1f7c31a2f650d810b8ae7",
                "sha256:3e420739d3ee8b1273b9258f1ad58f515c5905d458542fdf82134f3b671418ed",
                "sha256:412a70352faf35374b15af974079e65321af530a9d7a11919d5642345ccd9ea7",
                "sha256:4245cc246c4007d6cf3ac24e05dc6b9b24e1204eeb0a22089a90d4162e8b8d0c",
                "sha256:4e8fac588e667a89dbb8c7fe267a268272b9805623b3d9886c8a63480a3a8bfb",
                "sha256:55ee429bebdadcbca7fa7902869a397db16d401545d31c1776fc56011a196ce3",
                "sha256:560b6e4a961a83f742ca45a7d769771e03dbd7661995e2e83382295c826f1034",
                "sha256:688c48909b43347afd5d7e965e78af3c5a5d5d47056da80600348884dde79d2e",
                "sha256:72b5259d55b17f04f3dfeca1b18f8d68b8fe23a511642939880492f2ecbf479e",
                "sha256:767c7193520c028fea33ca2b9aa72b6ccd5e67cb2a6f6fef9e910bb65321d835",
                "sha256:7d545fc5fc8b55bd0508a736f42490154784f95f43015bd94aa388fc034cd67f",
                "sha256:83596827c2f11405910a5391dcb15bbcaae3aa6f21403d76a80cdaa7a153d9d6",
                "sha256:8bb6bb04028af3b6df763a6289ac41906960a4c47415db0856048c02563e3d0e",
                "sha256:91a2f973ab95e0a9b75e7011c5eabdf9f4da1e5d1be4d31f14bf3544ed51dfde",
                "sha256:9ee562990e68e91c3e9bbb4a74ca44921618292c68e8a838ebd4ed020d5b0333",
                "sha256:a1f6499447c69ccfdb49dd084c4918ebd8c57dda06ae298dbe8b998fd45288c4",
                "sha256:aa4cacbbc60c6a0302447a9553bb672aacf54e0eb5b6ec3cb0192a09669277f7",
                "sha256:abe05935ccaa16670100656d9313ebe965c554b5ad719b0f139758b9fd9eec9a",
                "sha256:b4f5635703726c98d95c50d5a4912ef38f571a8ff99ec4ddaa2174529101cd53",
                "sha256:bba43cf21456ca45eaa89b1b463044234fe035ddb92e0bb00089fa4c881cc7d5",
                "sha256:cbd81312e725679f41c87f3a4e37358af977fec822b015d029cc1c9ef11091a3",
                "sha256:e60ea4db1fe54103407a62d4c32727357bf2717d775b7299bcc314a7686d3c11",
                "sha256:ed3d62b4f4b023dcdc5df486416e6403090c8009673216ee41d2a279cde96c21"
            ],
            "index": "pypi",
            "version": "==4.1.1.26"
        },
        "opencv-python": {
            "hashes": [
                "sha256:01505b131dc35f60e99a5da98b77156e37f872ae0ff5596e5e68d526bb572d3c",
                "sha256:0478a1037505ddde312806c960a5e8958d2cf7a2885e8f2f5dde74c4028e0b04",
                "sha256:17810b89f9ef8e8537e75332acf533e619e26ccadbf1b73f24bf338f2d327ddd",
                "sha256:19ad2ea9fb32946761b47b9d6eed51876a8329da127f27788263fecd66651ba0",
                "sha256:1a250edb739baf3e7c25d99a2ee252aac4f59a97e0bee39237eaa490fd0281d3",
                "sha256:3505468970448f66cd776cb9e179570c87988f94b5cf9bcbc4c2d88bd88bbdf1",
                "sha256:4e04a91da157885359f487534433340b2d709927559c80acf62c28167e59be02",
                "sha256:5a49cffcdec5e37217672579c3343565926d999642844efa9c6a031ed5f32318",
                "sha256:604b2ce3d4a86480ced0813da7fba269b4605ad9fea26cd2144d8077928d4b49",
                "sha256:61cbb8fa9565a0480c46028599431ad8f19181a7fac8070a700515fd54cd7377",
                "sha256:62d7c6e511c9454f099616315c695d02a584048e1affe034b39160db7a2ae34d",
                "sha256:6555272dd9efd412d17cdc1a4f4c2da5753c099d95d9ff01aca54bb9782fb5cf",
                "sha256:67d994c6b2b14cb9239e85dc7dfa6c08ef7cf6eb4def80c0af6141dfacc8cbb9",
                "sha256:68c9cbe538666c4667523821cc56caee49389bea06bae4c0fc2cd68bd264226a",
                "sha256:822ad8f628a9498f569c57d30865f5ef9ee17824cee0a1d456211f742028c135",
                "sha256:82d972429eb4fee22c1dc4204af2a2e981f010e5e4f66daea2a6c68381b79184",
                "sha256:9128924f5b58269ee221b8cf2d736f31bd3bb0391b92ee8504caadd68c8176a2",
                "sha256:9172cf8270572c494d8b2ae12ef87c0f6eed9d132927e614099f76843b0c91d7",
                "sha256:952bce4d30a8287b17721ddaad7f115dab268efee8576249ddfede80ec2ce404",
                "sha256:a8147718e70b1f170a3d26518e992160137365a4db0ed82a9efd3040f9f660d4",
                "sha256:bfdb636a3796ff223460ea0fcfda906b3b54f4bef22ae433a5b67e66fab00b25",
                "sha256:c9c3f27867153634e1083390920067008ebaaab78aeb09c4e0274e69746cb2c8",
                "sha256:d69be21973d450a4662ae6bd1b3df6b1af030e448d7276380b0d1adf7c8c2ae6",
                "sha256:db1479636812a6579a3753b72a6fefaa73190f32bf7b19e483f8bc750cebe1a5",
                "sha256:db8313d755962a7dd61e5c22a651e0743208adfdb255c6ec8904ce9cb02940c6",
                "sha256:e4625a6b032e7797958aeb630d6e3e91e3896d285020aae612e6d7b342d6dfea",
                "sha256:e8397a26966a1290836a52c34b362aabc65a422b9ffabcbbdec1862f023ccab8"
            ],
            "index": "pypi",
            "version": "==4.1.1.26"
        },
        "paramiko": {
            "hashes": [
                "sha256:4f3e316fef2ac628b05097a637af35685183111d4bc1b5979bd397c2ab7b5898",
                "sha256:7f36f4ba2c0d81d219f4595e35f70d56cc94f9ac40a6acdf51d6ca210ce65035"
            ],
            "version": "==2.7.2"
        },
        "pathlib": {
            "hashes": [
                "sha256:6940718dfc3eff4258203ad5021090933e5c04707d5ca8cc9e73c94a7894ea9f"
            ],
            "index": "pypi",
            "version": "==1.0.1"
        },
        "protobuf": {
            "hashes": [
                "sha256:0c3a6941b1e6e6e22d812a8e5c46bfe83082ea60d262a46f2cfb22d9b9fb17db",
                "sha256:1001e671cf8476edce7fb72778358d026390649cc35a79d47b2a291684ccfbb2",
                "sha256:1247170191bcb2a8d978d11a58afe391004ec6c2184e4d961baf8102d43ff500",
                "sha256:1f6083382f7714700deadf3014e921711e2f807de7f27e40c32b744701ae5b99",
                "sha256:22054432b923c0086f9cf1e1c0c52d39bf3c6e31014ea42eec2dabc22ee26d78",
                "sha256:24f14c09d4c0a3641f1b0e9b552d026361de65b01686fdd3e5fdf8f9512cd79b",
                "sha256:2d03fc2591543cd2456d0b72230b50c4519546a8d379ac6fd3ecd84c6df61e5d",
                "sha256:364cadaeec0756afdc099cbd88cb5659bd1bb7d547168d063abcb0272ccbb2f6",
                "sha256:462085acdb410b06335315fe7e63cb281a1902856e0f4657f341c283cedc1d56",
                "sha256:46674bd6fcf8c63b4b9869ba579685db67cf51ae966443dd6bd9a8fa00fcef62",
                "sha256:4c4399156fb27e3768313b7a59352c861a893252bda6fb9f3643beb3ebb7047e",
                "sha256:6c75e563c6fb2ca5b8f21dd75c15659aa2c4a0025b9da3a7711ae661cd6a488d",
                "sha256:849c92ce112e1ef648705c29ce044248e350f71d9d54a2026830623198f0bd38",
                "sha256:85cd29faf056036167d87445d5a5059034c298881c044e71a73d3b61a4be1c23",
                "sha256:a14141d5c967362d2eedff8825d2b69cc36a5b3ed6b1f618557a04e58a3cf787",
                "sha256:a5ba7dd6f97964655aa7b234c95d80886425a31b7010764f042cdeb985314d18",
                "sha256:d54d78f621852ec4fdd1484d1263ca04d4bf5ffdf7abffdbb939e444b6ff3385",
                "sha256:d939f41b4108350841c4790ebbadb61729e1363522fdb8434eb4e6f2065d0db1",
                "sha256:e17f60f00081adcb32068ee0bb51e418f6474acf83424244ff3512ffd2166385",
                "sha256:eb5668f3f6a83b6603ca2e09be5b20de89521ea5914aabe032cce981e4129cc8"
            ],
            "version": "==3.15.7"
        },
        "pycodestyle": {
            "hashes": [
                "sha256:95a2219d12372f05704562a14ec30bc76b05a5b297b21a5dfe3f6fac3491ae56",
                "sha256:e40a936c9a450ad81df37f549d676d127b1b66000a6c500caa2b085bc0ca976c"
            ],
            "version": "==2.5.0"
        },
        "pycparser": {
            "hashes": [
                "sha256:2d475327684562c3a96cc71adf7dc8c4f0565175cf86b6d7a404ff4c771f15f0",
                "sha256:7582ad22678f0fcd81102833f60ef8d0e57288b6b5fb00323d101be910e35705"
            ],
            "version": "==2.20"
        },
        "pyflakes": {
            "hashes": [
                "sha256:17dbeb2e3f4d772725c777fabc446d5634d1038f234e77343108ce445ea69ce0",
                "sha256:d976835886f8c5b31d47970ed689944a0262b5f3afa00a5a7b4dc81e5449f8a2"
            ],
            "version": "==2.1.1"
        },
        "pynacl": {
            "hashes": [
                "sha256:06cbb4d9b2c4bd3c8dc0d267416aaed79906e7b33f114ddbf0911969794b1cc4",
                "sha256:11335f09060af52c97137d4ac54285bcb7df0cef29014a1a4efe64ac065434c4",
                "sha256:2fe0fc5a2480361dcaf4e6e7cea00e078fcda07ba45f811b167e3f99e8cff574",
                "sha256:30f9b96db44e09b3304f9ea95079b1b7316b2b4f3744fe3aaecccd95d547063d",
                "sha256:4e10569f8cbed81cb7526ae137049759d2a8d57726d52c1a000a3ce366779634",
                "sha256:511d269ee845037b95c9781aa702f90ccc36036f95d0f31373a6a79bd8242e25",
                "sha256:537a7ccbea22905a0ab36ea58577b39d1fa9b1884869d173b5cf111f006f689f",
                "sha256:54e9a2c849c742006516ad56a88f5c74bf2ce92c9f67435187c3c5953b346505",
                "sha256:757250ddb3bff1eecd7e41e65f7f833a8405fede0194319f87899690624f2122",
                "sha256:7757ae33dae81c300487591c68790dfb5145c7d03324000433d9a2c141f82af7",
                "sha256:7c6092102219f59ff29788860ccb021e80fffd953920c4a8653889c029b2d420",
                "sha256:8122ba5f2a2169ca5da936b2e5a511740ffb73979381b4229d9188f6dcb22f1f",
                "sha256:9c4a7ea4fb81536c1b1f5cc44d54a296f96ae78c1ebd2311bd0b60be45a48d96",
                "sha256:c914f78da4953b33d4685e3cdc7ce63401247a21425c16a39760e282075ac4a6",
                "sha256:cd401ccbc2a249a47a3a1724c2918fcd04be1f7b54eb2a5a71ff915db0ac51c6",
                "sha256:d452a6746f0a7e11121e64625109bc4468fc3100452817001dbe018bb8b08514",
                "sha256:ea6841bc3a76fa4942ce00f3bda7d436fda21e2d91602b9e21b7ca9ecab8f3ff",
                "sha256:f8851ab9041756003119368c1e6cd0b9c631f46d686b3904b18c0139f4419f80"
            ],
            "version": "==1.4.0"
        },
        "python-dotenv": {
            "hashes": [
                "sha256:debd928b49dbc2bf68040566f55cdb3252458036464806f4094487244e2a4093",
                "sha256:f157d71d5fec9d4bd5f51c82746b6344dffa680ee85217c123f4a0c8117c4544"
            ],
            "index": "pypi",
            "version": "==0.10.3"
        },
        "pyyaml": {
            "hashes": [
                "sha256:3d7da3009c0f3e783b2c873687652d83b1bbfd5c88e9813fb7e5b03c0dd3108b",
                "sha256:3ef3092145e9b70e3ddd2c7ad59bdd0252a94dfe3949721633e41344de00a6bf",
                "sha256:40c71b8e076d0550b2e6380bada1f1cd1017b882f7e16f09a65be98e017f211a",
                "sha256:558dd60b890ba8fd982e05941927a3911dc409a63dcb8b634feaa0cda69330d3",
                "sha256:a7c28b45d9f99102fa092bb213aa12e0aaf9a6a1f5e395d36166639c1f96c3a1",
                "sha256:aa7dd4a6a427aed7df6fb7f08a580d68d9b118d90310374716ae90b710280af1",
                "sha256:bc558586e6045763782014934bfaf39d48b8ae85a2713117d16c39864085c613",
                "sha256:d46d7982b62e0729ad0175a9bc7e10a566fc07b224d2c79fafb5e032727eaa04",
                "sha256:d5eef459e30b09f5a098b9cea68bebfeb268697f78d647bd255a085371ac7f3f",
                "sha256:e01d3203230e1786cd91ccfdc8f8454c8069c91bee3962ad93b87a4b2860f537",
                "sha256:e170a9e6fcfd19021dd29845af83bb79236068bf5fd4df3327c1be18182b2531"
            ],
            "version": "==3.13"
        },
        "requests": {
            "hashes": [
                "sha256:65b3a120e4329e33c9889db89c80976c5272f56ea92d3e74da8a463992e3ff54",
                "sha256:ea881206e59f41dbd0bd445437d792e43906703fff75ca8ff43ccdb11f33f263"
            ],
            "version": "==2.20.1"
        },
        "six": {
            "hashes": [
                "sha256:30639c035cdb23534cd4aa2dd52c3bf48f06e5f4a941509c8bafd8ce11080259",
                "sha256:8b74bedcbbbaca38ff6d7491d76f2b06b3592611af620f8426e82dddb04a5ced"
            ],
            "version": "==1.15.0"
        },
        "texttable": {
            "hashes": [
                "sha256:119041773ff03596b56392532f9315cb3a3116e404fd6f36e76a7dc088d95c79"
            ],
            "version": "==0.9.1"
        },
        "urllib3": {
            "hashes": [
                "sha256:2393a695cd12afedd0dcb26fe5d50d0cf248e5a66f75dbd89a3d4eb333a61af4",
                "sha256:a637e5fae88995b256e3409dc4d52c2e2e0ba32c42a6365fee8bbd2238de3cfb"
            ],
            "version": "==1.24.3"
        },
        "websocket-client": {
            "hashes": [
                "sha256:44b5df8f08c74c3d82d28100fdc81f4536809ce98a17f0757557813275fbb663",
                "sha256:63509b41d158ae5b7f67eb4ad20fecbb4eee99434e73e140354dc3ff8e09716f"
            ],
            "version": "==0.58.0"
        }
    },
    "develop": {}
}
